
Microsoft Visual Studio Solution File, Format Version 12.00
# Visual Studio Version 17
VisualStudioVersion = 17.13.35931.197 d17.13
MinimumVisualStudioVersion = 10.0.40219.1
Project("{FAE04EC0-301F-11D3-BF4B-00C04F79EFBC}") = "HW1", "HW1\HW1.csproj", "{492D4DB3-1D01-46A7-BD2B-0F96479CF16D}"
EndProject
Global
	GlobalSection(SolutionConfigurationPlatforms) = preSolution
		Debug|Any CPU = Debug|Any CPU
		Release|Any CPU = Release|Any CPU
	EndGlobalSection
	GlobalSection(ProjectConfigurationPlatforms) = postSolution
		{492D4DB3-1D01-46A7-BD2B-0F96479CF16D}.Debug|Any CPU.ActiveCfg = Debug|Any CPU
		{492D4DB3-1D01-46A7-BD2B-0F96479CF16D}.Debug|Any CPU.Build.0 = Debug|Any CPU
		{492D4DB3-1D01-46A7-BD2B-0F96479CF16D}.Release|Any CPU.ActiveCfg = Release|Any CPU
		{492D4DB3-1D01-46A7-BD2B-0F96479CF16D}.Release|Any CPU.Build.0 = Release|Any CPU
	EndGlobalSection
	GlobalSection(SolutionProperties) = preSolution
		HideSolutionNode = FALSE
	EndGlobalSection
	GlobalSection(ExtensibilityGlobals) = postSolution
		SolutionGuid = {1A1B82D1-CEC3-4967-892F-F3BBB0E6B27A}
	EndGlobalSection
EndGlobal
