
Microsoft Visual Studio Solution File, Format Version 12.00
# Visual Studio Version 17
VisualStudioVersion = 17.13.35931.197 d17.13
MinimumVisualStudioVersion = 10.0.40219.1
Project("{FAE04EC0-301F-11D3-BF4B-00C04F79EFBC}") = "NguyenTienDatWPF", "NguyenTienDatWPF\NguyenTienDatWPF.csproj", "{457B516B-7921-43F0-8273-CAAF11E3B555}"
EndProject
Project("{FAE04EC0-301F-11D3-BF4B-00C04F79EFBC}") = "DataAccessLayer", "DAL\DataAccessLayer.csproj", "{5D315409-6C7B-4E4B-AFFC-6780749C4993}"
EndProject
Project("{FAE04EC0-301F-11D3-BF4B-00C04F79EFBC}") = "BusinessLogicLayer", "BLL\BusinessLogicLayer.csproj", "{05092FFF-BE45-4862-B109-6C33DDB9CA2F}"
EndProject
Global
	GlobalSection(SolutionConfigurationPlatforms) = preSolution
		Debug|Any CPU = Debug|Any CPU
		Release|Any CPU = Release|Any CPU
	EndGlobalSection
	GlobalSection(ProjectConfigurationPlatforms) = postSolution
		{457B516B-7921-43F0-8273-CAAF11E3B555}.Debug|Any CPU.ActiveCfg = Debug|Any CPU
		{457B516B-7921-43F0-8273-CAAF11E3B555}.Debug|Any CPU.Build.0 = Debug|Any CPU
		{457B516B-7921-43F0-8273-CAAF11E3B555}.Release|Any CPU.ActiveCfg = Release|Any CPU
		{457B516B-7921-43F0-8273-CAAF11E3B555}.Release|Any CPU.Build.0 = Release|Any CPU
		{5D315409-6C7B-4E4B-AFFC-6780749C4993}.Debug|Any CPU.ActiveCfg = Debug|Any CPU
		{5D315409-6C7B-4E4B-AFFC-6780749C4993}.Debug|Any CPU.Build.0 = Debug|Any CPU
		{5D315409-6C7B-4E4B-AFFC-6780749C4993}.Release|Any CPU.ActiveCfg = Release|Any CPU
		{5D315409-6C7B-4E4B-AFFC-6780749C4993}.Release|Any CPU.Build.0 = Release|Any CPU
		{05092FFF-BE45-4862-B109-6C33DDB9CA2F}.Debug|Any CPU.ActiveCfg = Debug|Any CPU
		{05092FFF-BE45-4862-B109-6C33DDB9CA2F}.Debug|Any CPU.Build.0 = Debug|Any CPU
		{05092FFF-BE45-4862-B109-6C33DDB9CA2F}.Release|Any CPU.ActiveCfg = Release|Any CPU
		{05092FFF-BE45-4862-B109-6C33DDB9CA2F}.Release|Any CPU.Build.0 = Release|Any CPU
	EndGlobalSection
	GlobalSection(SolutionProperties) = preSolution
		HideSolutionNode = FALSE
	EndGlobalSection
	GlobalSection(ExtensibilityGlobals) = postSolution
		SolutionGuid = {1F554186-6E9E-4EFC-A2C6-436F357BB7DF}
	EndGlobalSection
EndGlobal
